
Microsoft Visual Studio Solution File, Format Version 12.00
# Visual Studio 15
VisualStudioVersion = 15.0.28307.421
MinimumVisualStudioVersion = 10.0.40219.1
Project("{FAE04EC0-301F-11D3-BF4B-00C04F79EFBC}") = "MisterBurger", "MisterBurger\MisterBurger.csproj", "{9FFF9365-7A38-4465-8977-9F50DEFCE8CE}"
EndProject
Global
	GlobalSection(SolutionConfigurationPlatforms) = preSolution
		Debug|Any CPU = Debug|Any CPU
		Release|Any CPU = Release|Any CPU
	EndGlobalSection
	GlobalSection(ProjectConfigurationPlatforms) = postSolution
		{9FFF9365-7A38-4465-8977-9F50DEFCE8CE}.Debug|Any CPU.ActiveCfg = Debug|Any CPU
		{9FFF9365-7A38-4465-8977-9F50DEFCE8CE}.Debug|Any CPU.Build.0 = Debug|Any CPU
		{9FFF9365-7A38-4465-8977-9F50DEFCE8CE}.Release|Any CPU.ActiveCfg = Release|Any CPU
		{9FFF9365-7A38-4465-8977-9F50DEFCE8CE}.Release|Any CPU.Build.0 = Release|Any CPU
	EndGlobalSection
	GlobalSection(SolutionProperties) = preSolution
		HideSolutionNode = FALSE
	EndGlobalSection
	GlobalSection(ExtensibilityGlobals) = postSolution
		SolutionGuid = {0893CEB8-7E4E-4DC7-BD05-DBE0F1AB1FD9}
	EndGlobalSection
EndGlobal
